
Microsoft Visual Studio Solution File, Format Version 12.00
# Visual Studio 15
VisualStudioVersion = 15.0.28307.1738
MinimumVisualStudioVersion = 10.0.40219.1
Project("{159641D6-6404-4A2A-AE62-294DE0FE8301}") = "OfficeSuppliesTask", "OfficeSuppliesTask\OfficeSuppliesTask.dtproj", "{1DEC810B-2FFB-45EA-A710-8289139EBD66}"
EndProject
Global
	GlobalSection(SolutionConfigurationPlatforms) = preSolution
		Development|Default = Development|Default
	EndGlobalSection
	GlobalSection(ProjectConfigurationPlatforms) = postSolution
		{1DEC810B-2FFB-45EA-A710-8289139EBD66}.Development|Default.ActiveCfg = Development
		{1DEC810B-2FFB-45EA-A710-8289139EBD66}.Development|Default.Build.0 = Development
	EndGlobalSection
	GlobalSection(SolutionProperties) = preSolution
		HideSolutionNode = FALSE
	EndGlobalSection
	GlobalSection(ExtensibilityGlobals) = postSolution
		SolutionGuid = {FE198144-DE92-44E1-B139-BCE051941FE9}
	EndGlobalSection
EndGlobal
